// !$*UTF8*$!
{
	archiveVersion = 1;
	classes = {
	};
	objectVersion = 55;
	objects = {

/* Begin PBXBuildFile section */
		E4B842FF28FD5ACA002412BD /* AppDelegate.swift in Sources */ = {isa = PBXBuildFile; fileRef = E4B842FE28FD5ACA002412BD /* AppDelegate.swift */; };
		E4B8430128FD5ACA002412BD /* SceneDelegate.swift in Sources */ = {isa = PBXBuildFile; fileRef = E4B8430028FD5ACA002412BD /* SceneDelegate.swift */; };
		E4B8430328FD5ACA002412BD /* MainViewController.swift in Sources */ = {isa = PBXBuildFile; fileRef = E4B8430228FD5ACA002412BD /* MainViewController.swift */; };
		E4B8430628FD5ACA002412BD /* Main.storyboard in Resources */ = {isa = PBXBuildFile; fileRef = E4B8430428FD5ACA002412BD /* Main.storyboard */; };
		E4B8430828FD5ACD002412BD /* Assets.xcassets in Resources */ = {isa = PBXBuildFile; fileRef = E4B8430728FD5ACD002412BD /* Assets.xcassets */; };
		E4B8430B28FD5ACD002412BD /* LaunchScreen.storyboard in Resources */ = {isa = PBXBuildFile; fileRef = E4B8430928FD5ACD002412BD /* LaunchScreen.storyboard */; };
		E4B8431628FD5ACD002412BD /* MVVMTests.swift in Sources */ = {isa = PBXBuildFile; fileRef = E4B8431528FD5ACD002412BD /* MVVMTests.swift */; };
		E4B8432028FD5ACD002412BD /* MVVMUITests.swift in Sources */ = {isa = PBXBuildFile; fileRef = E4B8431F28FD5ACD002412BD /* MVVMUITests.swift */; };
		E4B8432228FD5ACD002412BD /* MVVMUITestsLaunchTests.swift in Sources */ = {isa = PBXBuildFile; fileRef = E4B8432128FD5ACD002412BD /* MVVMUITestsLaunchTests.swift */; };
		E4B8433128FD5DEC002412BD /* MainViewModel.swift in Sources */ = {isa = PBXBuildFile; fileRef = E4B8433028FD5DEC002412BD /* MainViewModel.swift */; };
		E4B8433328FD5E15002412BD /* UserModel.swift in Sources */ = {isa = PBXBuildFile; fileRef = E4B8433228FD5E15002412BD /* UserModel.swift */; };
		E4F6424628FE7DA600E39697 /* ObservableObject.swift in Sources */ = {isa = PBXBuildFile; fileRef = E4F6424528FE7DA600E39697 /* ObservableObject.swift */; };
/* End PBXBuildFile section */

/* Begin PBXContainerItemProxy section */
		E4B8431228FD5ACD002412BD /* PBXContainerItemProxy */ = {
			isa = PBXContainerItemProxy;
			containerPortal = E4B842F328FD5AC9002412BD /* Project object */;
			proxyType = 1;
			remoteGlobalIDString = E4B842FA28FD5ACA002412BD;
			remoteInfo = MVVM;
		};
		E4B8431C28FD5ACD002412BD /* PBXContainerItemProxy */ = {
			isa = PBXContainerItemProxy;
			containerPortal = E4B842F328FD5AC9002412BD /* Project object */;
			proxyType = 1;
			remoteGlobalIDString = E4B842FA28FD5ACA002412BD;
			remoteInfo = MVVM;
		};
/* End PBXContainerItemProxy section */

/* Begin PBXFileReference section */
		E4B842FB28FD5ACA002412BD /* MVVM.app */ = {isa = PBXFileReference; explicitFileType = wrapper.application; includeInIndex = 0; path = MVVM.app; sourceTree = BUILT_PRODUCTS_DIR; };
		E4B842FE28FD5ACA002412BD /* AppDelegate.swift */ = {isa = PBXFileReference; lastKnownFileType = sourcecode.swift; path = AppDelegate.swift; sourceTree = "<group>"; };
		E4B8430028FD5ACA002412BD /* SceneDelegate.swift */ = {isa = PBXFileReference; lastKnownFileType = sourcecode.swift; path = SceneDelegate.swift; sourceTree = "<group>"; };
		E4B8430228FD5ACA002412BD /* MainViewController.swift */ = {isa = PBXFileReference; lastKnownFileType = sourcecode.swift; path = MainViewController.swift; sourceTree = "<group>"; };
		E4B8430528FD5ACA002412BD /* Base */ = {isa = PBXFileReference; lastKnownFileType = file.storyboard; name = Base; path = Base.lproj/Main.storyboard; sourceTree = "<group>"; };
		E4B8430728FD5ACD002412BD /* Assets.xcassets */ = {isa = PBXFileReference; lastKnownFileType = folder.assetcatalog; path = Assets.xcassets; sourceTree = "<group>"; };
		E4B8430A28FD5ACD002412BD /* Base */ = {isa = PBXFileReference; lastKnownFileType = file.storyboard; name = Base; path = Base.lproj/LaunchScreen.storyboard; sourceTree = "<group>"; };
		E4B8430C28FD5ACD002412BD /* Info.plist */ = {isa = PBXFileReference; lastKnownFileType = text.plist.xml; path = Info.plist; sourceTree = "<group>"; };
		E4B8431128FD5ACD002412BD /* MVVMTests.xctest */ = {isa = PBXFileReference; explicitFileType = wrapper.cfbundle; includeInIndex = 0; path = MVVMTests.xctest; sourceTree = BUILT_PRODUCTS_DIR; };
		E4B8431528FD5ACD002412BD /* MVVMTests.swift */ = {isa = PBXFileReference; lastKnownFileType = sourcecode.swift; path = MVVMTests.swift; sourceTree = "<group>"; };
		E4B8431B28FD5ACD002412BD /* MVVMUITests.xctest */ = {isa = PBXFileReference; explicitFileType = wrapper.cfbundle; includeInIndex = 0; path = MVVMUITests.xctest; sourceTree = BUILT_PRODUCTS_DIR; };
		E4B8431F28FD5ACD002412BD /* MVVMUITests.swift */ = {isa = PBXFileReference; lastKnownFileType = sourcecode.swift; path = MVVMUITests.swift; sourceTree = "<group>"; };
		E4B8432128FD5ACD002412BD /* MVVMUITestsLaunchTests.swift */ = {isa = PBXFileReference; lastKnownFileType = sourcecode.swift; path = MVVMUITestsLaunchTests.swift; sourceTree = "<group>"; };
		E4B8433028FD5DEC002412BD /* MainViewModel.swift */ = {isa = PBXFileReference; lastKnownFileType = sourcecode.swift; path = MainViewModel.swift; sourceTree = "<group>"; };
		E4B8433228FD5E15002412BD /* UserModel.swift */ = {isa = PBXFileReference; lastKnownFileType = sourcecode.swift; path = UserModel.swift; sourceTree = "<group>"; };
		E4F6424528FE7DA600E39697 /* ObservableObject.swift */ = {isa = PBXFileReference; lastKnownFileType = sourcecode.swift; path = ObservableObject.swift; sourceTree = "<group>"; };
/* End PBXFileReference section */

/* Begin PBXFrameworksBuildPhase section */
		E4B842F828FD5ACA002412BD /* Frameworks */ = {
			isa = PBXFrameworksBuildPhase;
			buildActionMask = 2147483647;
			files = (
			);
			runOnlyForDeploymentPostprocessing = 0;
		};
		E4B8430E28FD5ACD002412BD /* Frameworks */ = {
			isa = PBXFrameworksBuildPhase;
			buildActionMask = 2147483647;
			files = (
			);
			runOnlyForDeploymentPostprocessing = 0;
		};
		E4B8431828FD5ACD002412BD /* Frameworks */ = {
			isa = PBXFrameworksBuildPhase;
			buildActionMask = 2147483647;
			files = (
			);
			runOnlyForDeploymentPostprocessing = 0;
		};
/* End PBXFrameworksBuildPhase section */

/* Begin PBXGroup section */
		E4B842F228FD5AC9002412BD = {
			isa = PBXGroup;
			children = (
				E4B842FD28FD5ACA002412BD /* MVVM */,
				E4B8431428FD5ACD002412BD /* MVVMTests */,
				E4B8431E28FD5ACD002412BD /* MVVMUITests */,
				E4B842FC28FD5ACA002412BD /* Products */,
			);
			sourceTree = "<group>";
		};
		E4B842FC28FD5ACA002412BD /* Products */ = {
			isa = PBXGroup;
			children = (
				E4B842FB28FD5ACA002412BD /* MVVM.app */,
				E4B8431128FD5ACD002412BD /* MVVMTests.xctest */,
				E4B8431B28FD5ACD002412BD /* MVVMUITests.xctest */,
			);
			name = Products;
			sourceTree = "<group>";
		};
		E4B842FD28FD5ACA002412BD /* MVVM */ = {
			isa = PBXGroup;
			children = (
				E4B8432F28FD5D94002412BD /* MainView */,
				E4B8432E28FD5D88002412BD /* Model */,
				E4B842FE28FD5ACA002412BD /* AppDelegate.swift */,
				E4B8430028FD5ACA002412BD /* SceneDelegate.swift */,
				E4F6424528FE7DA600E39697 /* ObservableObject.swift */,
				E4B8430428FD5ACA002412BD /* Main.storyboard */,
				E4B8430728FD5ACD002412BD /* Assets.xcassets */,
				E4B8430928FD5ACD002412BD /* LaunchScreen.storyboard */,
				E4B8430C28FD5ACD002412BD /* Info.plist */,
			);
			path = MVVM;
			sourceTree = "<group>";
		};
		E4B8431428FD5ACD002412BD /* MVVMTests */ = {
			isa = PBXGroup;
			children = (
				E4B8431528FD5ACD002412BD /* MVVMTests.swift */,
			);
			path = MVVMTests;
			sourceTree = "<group>";
		};
		E4B8431E28FD5ACD002412BD /* MVVMUITests */ = {
			isa = PBXGroup;
			children = (
				E4B8431F28FD5ACD002412BD /* MVVMUITests.swift */,
				E4B8432128FD5ACD002412BD /* MVVMUITestsLaunchTests.swift */,
			);
			path = MVVMUITests;
			sourceTree = "<group>";
		};
		E4B8432E28FD5D88002412BD /* Model */ = {
			isa = PBXGroup;
			children = (
				E4B8433228FD5E15002412BD /* UserModel.swift */,
			);
			path = Model;
			sourceTree = "<group>";
		};
		E4B8432F28FD5D94002412BD /* MainView */ = {
			isa = PBXGroup;
			children = (
				E4B8430228FD5ACA002412BD /* MainViewController.swift */,
				E4B8433028FD5DEC002412BD /* MainViewModel.swift */,
			);
			path = MainView;
			sourceTree = "<group>";
		};
/* End PBXGroup section */

/* Begin PBXNativeTarget section */
		E4B842FA28FD5ACA002412BD /* MVVM */ = {
			isa = PBXNativeTarget;
			buildConfigurationList = E4B8432528FD5ACD002412BD /* Build configuration list for PBXNativeTarget "MVVM" */;
			buildPhases = (
				E4B842F728FD5ACA002412BD /* Sources */,
				E4B842F828FD5ACA002412BD /* Frameworks */,
				E4B842F928FD5ACA002412BD /* Resources */,
			);
			buildRules = (
			);
			dependencies = (
			);
			name = MVVM;
			productName = MVVM;
			productReference = E4B842FB28FD5ACA002412BD /* MVVM.app */;
			productType = "com.apple.product-type.application";
		};
		E4B8431028FD5ACD002412BD /* MVVMTests */ = {
			isa = PBXNativeTarget;
			buildConfigurationList = E4B8432828FD5ACD002412BD /* Build configuration list for PBXNativeTarget "MVVMTests" */;
			buildPhases = (
				E4B8430D28FD5ACD002412BD /* Sources */,
				E4B8430E28FD5ACD002412BD /* Frameworks */,
				E4B8430F28FD5ACD002412BD /* Resources */,
			);
			buildRules = (
			);
			dependencies = (
				E4B8431328FD5ACD002412BD /* PBXTargetDependency */,
			);
			name = MVVMTests;
			productName = MVVMTests;
			productReference = E4B8431128FD5ACD002412BD /* MVVMTests.xctest */;
			productType = "com.apple.product-type.bundle.unit-test";
		};
		E4B8431A28FD5ACD002412BD /* MVVMUITests */ = {
			isa = PBXNativeTarget;
			buildConfigurationList = E4B8432B28FD5ACD002412BD /* Build configuration list for PBXNativeTarget "MVVMUITests" */;
			buildPhases = (
				E4B8431728FD5ACD002412BD /* Sources */,
				E4B8431828FD5ACD002412BD /* Frameworks */,
				E4B8431928FD5ACD002412BD /* Resources */,
			);
			buildRules = (
			);
			dependencies = (
				E4B8431D28FD5ACD002412BD /* PBXTargetDependency */,
			);
			name = MVVMUITests;
			productName = MVVMUITests;
			productReference = E4B8431B28FD5ACD002412BD /* MVVMUITests.xctest */;
			productType = "com.apple.product-type.bundle.ui-testing";
		};
/* End PBXNativeTarget section */

/* Begin PBXProject section */
		E4B842F328FD5AC9002412BD /* Project object */ = {
			isa = PBXProject;
			attributes = {
				BuildIndependentTargetsInParallel = 1;
				LastSwiftUpdateCheck = 1340;
				LastUpgradeCheck = 1340;
				TargetAttributes = {
					E4B842FA28FD5ACA002412BD = {
						CreatedOnToolsVersion = 13.4.1;
					};
					E4B8431028FD5ACD002412BD = {
						CreatedOnToolsVersion = 13.4.1;
						TestTargetID = E4B842FA28FD5ACA002412BD;
					};
					E4B8431A28FD5ACD002412BD = {
						CreatedOnToolsVersion = 13.4.1;
						TestTargetID = E4B842FA28FD5ACA002412BD;
					};
				};
			};
			buildConfigurationList = E4B842F628FD5AC9002412BD /* Build configuration list for PBXProject "MVVM" */;
			compatibilityVersion = "Xcode 13.0";
			developmentRegion = en;
			hasScannedForEncodings = 0;
			knownRegions = (
				en,
				Base,
			);
			mainGroup = E4B842F228FD5AC9002412BD;
			productRefGroup = E4B842FC28FD5ACA002412BD /* Products */;
			projectDirPath = "";
			projectRoot = "";
			targets = (
				E4B842FA28FD5ACA002412BD /* MVVM */,
				E4B8431028FD5ACD002412BD /* MVVMTests */,
				E4B8431A28FD5ACD002412BD /* MVVMUITests */,
			);
		};
/* End PBXProject section */

/* Begin PBXResourcesBuildPhase section */
		E4B842F928FD5ACA002412BD /* Resources */ = {
			isa = PBXResourcesBuildPhase;
			buildActionMask = 2147483647;
			files = (
				E4B8430B28FD5ACD002412BD /* LaunchScreen.storyboard in Resources */,
				E4B8430828FD5ACD002412BD /* Assets.xcassets in Resources */,
				E4B8430628FD5ACA002412BD /* Main.storyboard in Resources */,
			);
			runOnlyForDeploymentPostprocessing = 0;
		};
		E4B8430F28FD5ACD002412BD /* Resources */ = {
			isa = PBXResourcesBuildPhase;
			buildActionMask = 2147483647;
			files = (
			);
			runOnlyForDeploymentPostprocessing = 0;
		};
		E4B8431928FD5ACD002412BD /* Resources */ = {
			isa = PBXResourcesBuildPhase;
			buildActionMask = 2147483647;
			files = (
			);
			runOnlyForDeploymentPostprocessing = 0;
		};
/* End PBXResourcesBuildPhase section */

/* Begin PBXSourcesBuildPhase section */
		E4B842F728FD5ACA002412BD /* Sources */ = {
			isa = PBXSourcesBuildPhase;
			buildActionMask = 2147483647;
			files = (
				E4B8430328FD5ACA002412BD /* MainViewController.swift in Sources */,
				E4B842FF28FD5ACA002412BD /* AppDelegate.swift in Sources */,
				E4B8430128FD5ACA002412BD /* SceneDelegate.swift in Sources */,
				E4B8433328FD5E15002412BD /* UserModel.swift in Sources */,
				E4B8433128FD5DEC002412BD /* MainViewModel.swift in Sources */,
				E4F6424628FE7DA600E39697 /* ObservableObject.swift in Sources */,
			);
			runOnlyForDeploymentPostprocessing = 0;
		};
		E4B8430D28FD5ACD002412BD /* Sources */ = {
			isa = PBXSourcesBuildPhase;
			buildActionMask = 2147483647;
			files = (
				E4B8431628FD5ACD002412BD /* MVVMTests.swift in Sources */,
			);
			runOnlyForDeploymentPostprocessing = 0;
		};
		E4B8431728FD5ACD002412BD /* Sources */ = {
			isa = PBXSourcesBuildPhase;
			buildActionMask = 2147483647;
			files = (
				E4B8432228FD5ACD002412BD /* MVVMUITestsLaunchTests.swift in Sources */,
				E4B8432028FD5ACD002412BD /* MVVMUITests.swift in Sources */,
			);
			runOnlyForDeploymentPostprocessing = 0;
		};
/* End PBXSourcesBuildPhase section */

/* Begin PBXTargetDependency section */
		E4B8431328FD5ACD002412BD /* PBXTargetDependency */ = {
			isa = PBXTargetDependency;
			target = E4B842FA28FD5ACA002412BD /* MVVM */;
			targetProxy = E4B8431228FD5ACD002412BD /* PBXContainerItemProxy */;
		};
		E4B8431D28FD5ACD002412BD /* PBXTargetDependency */ = {
			isa = PBXTargetDependency;
			target = E4B842FA28FD5ACA002412BD /* MVVM */;
			targetProxy = E4B8431C28FD5ACD002412BD /* PBXContainerItemProxy */;
		};
/* End PBXTargetDependency section */

/* Begin PBXVariantGroup section */
		E4B8430428FD5ACA002412BD /* Main.storyboard */ = {
			isa = PBXVariantGroup;
			children = (
				E4B8430528FD5ACA002412BD /* Base */,
			);
			name = Main.storyboard;
			sourceTree = "<group>";
		};
		E4B8430928FD5ACD002412BD /* LaunchScreen.storyboard */ = {
			isa = PBXVariantGroup;
			children = (
				E4B8430A28FD5ACD002412BD /* Base */,
			);
			name = LaunchScreen.storyboard;
			sourceTree = "<group>";
		};
/* End PBXVariantGroup section */

/* Begin XCBuildConfiguration section */
		E4B8432328FD5ACD002412BD /* Debug */ = {
			isa = XCBuildConfiguration;
			buildSettings = {
				ALWAYS_SEARCH_USER_PATHS = NO;
				CLANG_ANALYZER_NONNULL = YES;
				CLANG_ANALYZER_NUMBER_OBJECT_CONVERSION = YES_AGGRESSIVE;
				CLANG_CXX_LANGUAGE_STANDARD = "gnu++17";
				CLANG_ENABLE_MODULES = YES;
				CLANG_ENABLE_OBJC_ARC = YES;
				CLANG_ENABLE_OBJC_WEAK = YES;
				CLANG_WARN_BLOCK_CAPTURE_AUTORELEASING = YES;
				CLANG_WARN_BOOL_CONVERSION = YES;
				CLANG_WARN_COMMA = YES;
				CLANG_WARN_CONSTANT_CONVERSION = YES;
				CLANG_WARN_DEPRECATED_OBJC_IMPLEMENTATIONS = YES;
				CLANG_WARN_DIRECT_OBJC_ISA_USAGE = YES_ERROR;
				CLANG_WARN_DOCUMENTATION_COMMENTS = YES;
				CLANG_WARN_EMPTY_BODY = YES;
				CLANG_WARN_ENUM_CONVERSION = YES;
				CLANG_WARN_INFINITE_RECURSION = YES;
				CLANG_WARN_INT_CONVERSION = YES;
				CLANG_WARN_NON_LITERAL_NULL_CONVERSION = YES;
				CLANG_WARN_OBJC_IMPLICIT_RETAIN_SELF = YES;
				CLANG_WARN_OBJC_LITERAL_CONVERSION = YES;
				CLANG_WARN_OBJC_ROOT_CLASS = YES_ERROR;
				CLANG_WARN_QUOTED_INCLUDE_IN_FRAMEWORK_HEADER = YES;
				CLANG_WARN_RANGE_LOOP_ANALYSIS = YES;
				CLANG_WARN_STRICT_PROTOTYPES = YES;
				CLANG_WARN_SUSPICIOUS_MOVE = YES;
				CLANG_WARN_UNGUARDED_AVAILABILITY = YES_AGGRESSIVE;
				CLANG_WARN_UNREACHABLE_CODE = YES;
				CLANG_WARN__DUPLICATE_METHOD_MATCH = YES;
				COPY_PHASE_STRIP = NO;
				DEBUG_INFORMATION_FORMAT = dwarf;
				ENABLE_STRICT_OBJC_MSGSEND = YES;
				ENABLE_TESTABILITY = YES;
				GCC_C_LANGUAGE_STANDARD = gnu11;
				GCC_DYNAMIC_NO_PIC = NO;
				GCC_NO_COMMON_BLOCKS = YES;
				GCC_OPTIMIZATION_LEVEL = 0;
				GCC_PREPROCESSOR_DEFINITIONS = (
					"DEBUG=1",
					"$(inherited)",
				);
				GCC_WARN_64_TO_32_BIT_CONVERSION = YES;
				GCC_WARN_ABOUT_RETURN_TYPE = YES_ERROR;
				GCC_WARN_UNDECLARED_SELECTOR = YES;
				GCC_WARN_UNINITIALIZED_AUTOS = YES_AGGRESSIVE;
				GCC_WARN_UNUSED_FUNCTION = YES;
				GCC_WARN_UNUSED_VARIABLE = YES;
				IPHONEOS_DEPLOYMENT_TARGET = 15.5;
				MTL_ENABLE_DEBUG_INFO = INCLUDE_SOURCE;
				MTL_FAST_MATH = YES;
				ONLY_ACTIVE_ARCH = YES;
				SDKROOT = iphoneos;
				SWIFT_ACTIVE_COMPILATION_CONDITIONS = DEBUG;
				SWIFT_OPTIMIZATION_LEVEL = "-Onone";
			};
			name = Debug;
		};
		E4B8432428FD5ACD002412BD /* Release */ = {
			isa = XCBuildConfiguration;
			buildSettings = {
				ALWAYS_SEARCH_USER_PATHS = NO;
				CLANG_ANALYZER_NONNULL = YES;
				CLANG_ANALYZER_NUMBER_OBJECT_CONVERSION = YES_AGGRESSIVE;
				CLANG_CXX_LANGUAGE_STANDARD = "gnu++17";
				CLANG_ENABLE_MODULES = YES;
				CLANG_ENABLE_OBJC_ARC = YES;
				CLANG_ENABLE_OBJC_WEAK = YES;
				CLANG_WARN_BLOCK_CAPTURE_AUTORELEASING = YES;
				CLANG_WARN_BOOL_CONVERSION = YES;
				CLANG_WARN_COMMA = YES;
				CLANG_WARN_CONSTANT_CONVERSION = YES;
				CLANG_WARN_DEPRECATED_OBJC_IMPLEMENTATIONS = YES;
				CLANG_WARN_DIRECT_OBJC_ISA_USAGE = YES_ERROR;
				CLANG_WARN_DOCUMENTATION_COMMENTS = YES;
				CLANG_WARN_EMPTY_BODY = YES;
				CLANG_WARN_ENUM_CONVERSION = YES;
				CLANG_WARN_INFINITE_RECURSION = YES;
				CLANG_WARN_INT_CONVERSION = YES;
				CLANG_WARN_NON_LITERAL_NULL_CONVERSION = YES;
				CLANG_WARN_OBJC_IMPLICIT_RETAIN_SELF = YES;
				CLANG_WARN_OBJC_LITERAL_CONVERSION = YES;
				CLANG_WARN_OBJC_ROOT_CLASS = YES_ERROR;
				CLANG_WARN_QUOTED_INCLUDE_IN_FRAMEWORK_HEADER = YES;
				CLANG_WARN_RANGE_LOOP_ANALYSIS = YES;
				CLANG_WARN_STRICT_PROTOTYPES = YES;
				CLANG_WARN_SUSPICIOUS_MOVE = YES;
				CLANG_WARN_UNGUARDED_AVAILABILITY = YES_AGGRESSIVE;
				CLANG_WARN_UNREACHABLE_CODE = YES;
				CLANG_WARN__DUPLICATE_METHOD_MATCH = YES;
				COPY_PHASE_STRIP = NO;
				DEBUG_INFORMATION_FORMAT = "dwarf-with-dsym";
				ENABLE_NS_ASSERTIONS = NO;
				ENABLE_STRICT_OBJC_MSGSEND = YES;
				GCC_C_LANGUAGE_STANDARD = gnu11;
				GCC_NO_COMMON_BLOCKS = YES;
				GCC_WARN_64_TO_32_BIT_CONVERSION = YES;
				GCC_WARN_ABOUT_RETURN_TYPE = YES_ERROR;
				GCC_WARN_UNDECLARED_SELECTOR = YES;
				GCC_WARN_UNINITIALIZED_AUTOS = YES_AGGRESSIVE;
				GCC_WARN_UNUSED_FUNCTION = YES;
				GCC_WARN_UNUSED_VARIABLE = YES;
				IPHONEOS_DEPLOYMENT_TARGET = 15.5;
				MTL_ENABLE_DEBUG_INFO = NO;
				MTL_FAST_MATH = YES;
				SDKROOT = iphoneos;
				SWIFT_COMPILATION_MODE = wholemodule;
				SWIFT_OPTIMIZATION_LEVEL = "-O";
				VALIDATE_PRODUCT = YES;
			};
			name = Release;
		};
		E4B8432628FD5ACD002412BD /* Debug */ = {
			isa = XCBuildConfiguration;
			buildSettings = {
				ASSETCATALOG_COMPILER_APPICON_NAME = AppIcon;
				ASSETCATALOG_COMPILER_GLOBAL_ACCENT_COLOR_NAME = AccentColor;
				CODE_SIGN_STYLE = Automatic;
				CURRENT_PROJECT_VERSION = 1;
				GENERATE_INFOPLIST_FILE = YES;
				INFOPLIST_FILE = MVVM/Info.plist;
				INFOPLIST_KEY_UIApplicationSupportsIndirectInputEvents = YES;
				INFOPLIST_KEY_UILaunchStoryboardName = LaunchScreen;
				INFOPLIST_KEY_UIMainStoryboardFile = Main;
				INFOPLIST_KEY_UISupportedInterfaceOrientations_iPad = "UIInterfaceOrientationPortrait UIInterfaceOrientationPortraitUpsideDown UIInterfaceOrientationLandscapeLeft UIInterfaceOrientationLandscapeRight";
				INFOPLIST_KEY_UISupportedInterfaceOrientations_iPhone = "UIInterfaceOrientationPortrait UIInterfaceOrientationLandscapeLeft UIInterfaceOrientationLandscapeRight";
				LD_RUNPATH_SEARCH_PATHS = (
					"$(inherited)",
					"@executable_path/Frameworks",
				);
				MARKETING_VERSION = 1.0;
				PRODUCT_BUNDLE_IDENTIFIER = "com.usman-development.MVVM";
				PRODUCT_NAME = "$(TARGET_NAME)";
				SWIFT_EMIT_LOC_STRINGS = YES;
				SWIFT_VERSION = 5.0;
				TARGETED_DEVICE_FAMILY = "1,2";
			};
			name = Debug;
		};
		E4B8432728FD5ACD002412BD /* Release */ = {
			isa = XCBuildConfiguration;
			buildSettings = {
				ASSETCATALOG_COMPILER_APPICON_NAME = AppIcon;
				ASSETCATALOG_COMPILER_GLOBAL_ACCENT_COLOR_NAME = AccentColor;
				CODE_SIGN_STYLE = Automatic;
				CURRENT_PROJECT_VERSION = 1;
				GENERATE_INFOPLIST_FILE = YES;
				INFOPLIST_FILE = MVVM/Info.plist;
				INFOPLIST_KEY_UIApplicationSupportsIndirectInputEvents = YES;
				INFOPLIST_KEY_UILaunchStoryboardName = LaunchScreen;
				INFOPLIST_KEY_UIMainStoryboardFile = Main;
				INFOPLIST_KEY_UISupportedInterfaceOrientations_iPad = "UIInterfaceOrientationPortrait UIInterfaceOrientationPortraitUpsideDown UIInterfaceOrientationLandscapeLeft UIInterfaceOrientationLandscapeRight";
				INFOPLIST_KEY_UISupportedInterfaceOrientations_iPhone = "UIInterfaceOrientationPortrait UIInterfaceOrientationLandscapeLeft UIInterfaceOrientationLandscapeRight";
				LD_RUNPATH_SEARCH_PATHS = (
					"$(inherited)",
					"@executable_path/Frameworks",
				);
				MARKETING_VERSION = 1.0;
				PRODUCT_BUNDLE_IDENTIFIER = "com.usman-development.MVVM";
				PRODUCT_NAME = "$(TARGET_NAME)";
				SWIFT_EMIT_LOC_STRINGS = YES;
				SWIFT_VERSION = 5.0;
				TARGETED_DEVICE_FAMILY = "1,2";
			};
			name = Release;
		};
		E4B8432928FD5ACD002412BD /* Debug */ = {
			isa = XCBuildConfiguration;
			buildSettings = {
				ALWAYS_EMBED_SWIFT_STANDARD_LIBRARIES = YES;
				BUNDLE_LOADER = "$(TEST_HOST)";
				CODE_SIGN_STYLE = Automatic;
				CURRENT_PROJECT_VERSION = 1;
				GENERATE_INFOPLIST_FILE = YES;
				IPHONEOS_DEPLOYMENT_TARGET = 15.5;
				MARKETING_VERSION = 1.0;
				PRODUCT_BUNDLE_IDENTIFIER = "com.usman-development.MVVMTests";
				PRODUCT_NAME = "$(TARGET_NAME)";
				SWIFT_EMIT_LOC_STRINGS = NO;
				SWIFT_VERSION = 5.0;
				TARGETED_DEVICE_FAMILY = "1,2";
				TEST_HOST = "$(BUILT_PRODUCTS_DIR)/MVVM.app/MVVM";
			};
			name = Debug;
		};
		E4B8432A28FD5ACD002412BD /* Release */ = {
			isa = XCBuildConfiguration;
			buildSettings = {
				ALWAYS_EMBED_SWIFT_STANDARD_LIBRARIES = YES;
				BUNDLE_LOADER = "$(TEST_HOST)";
				CODE_SIGN_STYLE = Automatic;
				CURRENT_PROJECT_VERSION = 1;
				GENERATE_INFOPLIST_FILE = YES;
				IPHONEOS_DEPLOYMENT_TARGET = 15.5;
				MARKETING_VERSION = 1.0;
				PRODUCT_BUNDLE_IDENTIFIER = "com.usman-development.MVVMTests";
				PRODUCT_NAME = "$(TARGET_NAME)";
				SWIFT_EMIT_LOC_STRINGS = NO;
				SWIFT_VERSION = 5.0;
				TARGETED_DEVICE_FAMILY = "1,2";
				TEST_HOST = "$(BUILT_PRODUCTS_DIR)/MVVM.app/MVVM";
			};
			name = Release;
		};
		E4B8432C28FD5ACD002412BD /* Debug */ = {
			isa = XCBuildConfiguration;
			buildSettings = {
				ALWAYS_EMBED_SWIFT_STANDARD_LIBRARIES = YES;
				CODE_SIGN_STYLE = Automatic;
				CURRENT_PROJECT_VERSION = 1;
				GENERATE_INFOPLIST_FILE = YES;
				MARKETING_VERSION = 1.0;
				PRODUCT_BUNDLE_IDENTIFIER = "com.usman-development.MVVMUITests";
				PRODUCT_NAME = "$(TARGET_NAME)";
				SWIFT_EMIT_LOC_STRINGS = NO;
				SWIFT_VERSION = 5.0;
				TARGETED_DEVICE_FAMILY = "1,2";
				TEST_TARGET_NAME = MVVM;
			};
			name = Debug;
		};
		E4B8432D28FD5ACD002412BD /* Release */ = {
			isa = XCBuildConfiguration;
			buildSettings = {
				ALWAYS_EMBED_SWIFT_STANDARD_LIBRARIES = YES;
				CODE_SIGN_STYLE = Automatic;
				CURRENT_PROJECT_VERSION = 1;
				GENERATE_INFOPLIST_FILE = YES;
				MARKETING_VERSION = 1.0;
				PRODUCT_BUNDLE_IDENTIFIER = "com.usman-development.MVVMUITests";
				PRODUCT_NAME = "$(TARGET_NAME)";
				SWIFT_EMIT_LOC_STRINGS = NO;
				SWIFT_VERSION = 5.0;
				TARGETED_DEVICE_FAMILY = "1,2";
				TEST_TARGET_NAME = MVVM;
			};
			name = Release;
		};
/* End XCBuildConfiguration section */

/* Begin XCConfigurationList section */
		E4B842F628FD5AC9002412BD /* Build configuration list for PBXProject "MVVM" */ = {
			isa = XCConfigurationList;
			buildConfigurations = (
				E4B8432328FD5ACD002412BD /* Debug */,
				E4B8432428FD5ACD002412BD /* Release */,
			);
			defaultConfigurationIsVisible = 0;
			defaultConfigurationName = Release;
		};
		E4B8432528FD5ACD002412BD /* Build configuration list for PBXNativeTarget "MVVM" */ = {
			isa = XCConfigurationList;
			buildConfigurations = (
				E4B8432628FD5ACD002412BD /* Debug */,
				E4B8432728FD5ACD002412BD /* Release */,
			);
			defaultConfigurationIsVisible = 0;
			defaultConfigurationName = Release;
		};
		E4B8432828FD5ACD002412BD /* Build configuration list for PBXNativeTarget "MVVMTests" */ = {
			isa = XCConfigurationList;
			buildConfigurations = (
				E4B8432928FD5ACD002412BD /* Debug */,
				E4B8432A28FD5ACD002412BD /* Release */,
			);
			defaultConfigurationIsVisible = 0;
			defaultConfigurationName = Release;
		};
		E4B8432B28FD5ACD002412BD /* Build configuration list for PBXNativeTarget "MVVMUITests" */ = {
			isa = XCConfigurationList;
			buildConfigurations = (
				E4B8432C28FD5ACD002412BD /* Debug */,
				E4B8432D28FD5ACD002412BD /* Release */,
			);
			defaultConfigurationIsVisible = 0;
			defaultConfigurationName = Release;
		};
/* End XCConfigurationList section */
	};
	rootObject = E4B842F328FD5AC9002412BD /* Project object */;
}
